
Microsoft Visual Studio Solution File, Format Version 12.00
# Visual Studio Version 17
VisualStudioVersion = 17.0.31903.59
MinimumVisualStudioVersion = 10.0.40219.1
Project("{9A19103F-16F7-4668-BE54-9A1E7A4F7556}") = "Clean.Frame.Apps.TargetBoard", "Clean.Frame.Apps.TargetBoard\Clean.Frame.Apps.TargetBoard.csproj", "{CC8A9D5E-1D9F-4231-9E52-95E5B0053DCA}"
EndProject
Project("{9A19103F-16F7-4668-BE54-9A1E7A4F7556}") = "Clean.Frame.Apps.TargetBoard.Core", "Clean.Frame.Apps.TargetBoard.Core\Clean.Frame.Apps.TargetBoard.Core.csproj", "{A015E54E-A143-408B-ABC4-46EF60AC49DA}"
EndProject
Project("{9A19103F-16F7-4668-BE54-9A1E7A4F7556}") = "Clean.Frame.Apps.TargetBoard.Data", "Clean.Frame.Apps.TargetBoard.Data\Clean.Frame.Apps.TargetBoard.Data.csproj", "{0FC25E7A-F3DD-469C-8AA0-147A5D52101F}"
EndProject
Project("{9A19103F-16F7-4668-BE54-9A1E7A4F7556}") = "Clean.Frame.Apps.TargetBoard.Services", "Clean.Frame.Apps.TargetBoard.Services\Clean.Frame.Apps.TargetBoard.Services.csproj", "{3E3EB9E1-DE0B-42C3-9D10-545D764EB298}"
EndProject
Global
	GlobalSection(SolutionConfigurationPlatforms) = preSolution
		Debug|Any CPU = Debug|Any CPU
		Release|Any CPU = Release|Any CPU
	EndGlobalSection
	GlobalSection(ProjectConfigurationPlatforms) = postSolution
		{CC8A9D5E-1D9F-4231-9E52-95E5B0053DCA}.Debug|Any CPU.ActiveCfg = Debug|Any CPU
		{CC8A9D5E-1D9F-4231-9E52-95E5B0053DCA}.Debug|Any CPU.Build.0 = Debug|Any CPU
		{CC8A9D5E-1D9F-4231-9E52-95E5B0053DCA}.Release|Any CPU.ActiveCfg = Release|Any CPU
		{CC8A9D5E-1D9F-4231-9E52-95E5B0053DCA}.Release|Any CPU.Build.0 = Release|Any CPU
		{A015E54E-A143-408B-ABC4-46EF60AC49DA}.Debug|Any CPU.ActiveCfg = Debug|Any CPU
		{A015E54E-A143-408B-ABC4-46EF60AC49DA}.Debug|Any CPU.Build.0 = Debug|Any CPU
		{A015E54E-A143-408B-ABC4-46EF60AC49DA}.Release|Any CPU.ActiveCfg = Release|Any CPU
		{A015E54E-A143-408B-ABC4-46EF60AC49DA}.Release|Any CPU.Build.0 = Release|Any CPU
		{0FC25E7A-F3DD-469C-8AA0-147A5D52101F}.Debug|Any CPU.ActiveCfg = Debug|Any CPU
		{0FC25E7A-F3DD-469C-8AA0-147A5D52101F}.Debug|Any CPU.Build.0 = Debug|Any CPU
		{0FC25E7A-F3DD-469C-8AA0-147A5D52101F}.Release|Any CPU.ActiveCfg = Release|Any CPU
		{0FC25E7A-F3DD-469C-8AA0-147A5D52101F}.Release|Any CPU.Build.0 = Release|Any CPU
		{3E3EB9E1-DE0B-42C3-9D10-545D764EB298}.Debug|Any CPU.ActiveCfg = Debug|Any CPU
		{3E3EB9E1-DE0B-42C3-9D10-545D764EB298}.Debug|Any CPU.Build.0 = Debug|Any CPU
		{3E3EB9E1-DE0B-42C3-9D10-545D764EB298}.Release|Any CPU.ActiveCfg = Release|Any CPU
		{3E3EB9E1-DE0B-42C3-9D10-545D764EB298}.Release|Any CPU.Build.0 = Release|Any CPU
	EndGlobalSection
	GlobalSection(SolutionProperties) = preSolution
		HideSolutionNode = FALSE
	EndGlobalSection
	GlobalSection(ExtensibilityGlobals) = postSolution
		SolutionGuid = {BB6E5AE8-DBCF-4950-A45F-B64F026C381E}
	EndGlobalSection
EndGlobal
